// !$*UTF8*$!
{
	archiveVersion = 1;
	classes = {
	};
	objectVersion = 46;
	objects = {

/* Begin PBXBuildFile section */
		842BAE57B71C4F099105C36C /* libPods.a in Frameworks */ = {isa = PBXBuildFile; fileRef = C5645EA3B0514AC08654E8DD /* libPods.a */; };
		CA8ED19CF1E6CE6493E3E296 /* POPTestTests.m in Sources */ = {isa = PBXBuildFile; fileRef = CA8ED3C8F922B336CE78F3EE /* POPTestTests.m */; };
		CA8ED20C950B3F7161F00776 /* InfoPlist.strings in Resources */ = {isa = PBXBuildFile; fileRef = CA8ED9AD46B4AD738A983216 /* InfoPlist.strings */; };
		CA8ED29809DF36F32603ABC0 /* PTViewController.m in Sources */ = {isa = PBXBuildFile; fileRef = CA8ED67E6D29F0D145BB2C3E /* PTViewController.m */; };
		CA8ED4E4E3BBDD49783CEBFA /* PTViewController3.m in Sources */ = {isa = PBXBuildFile; fileRef = CA8ED22E7533AD56E2999DC1 /* PTViewController3.m */; };
		CA8ED79B7E8E494638F902F2 /* Images.xcassets in Resources */ = {isa = PBXBuildFile; fileRef = CA8EDD6169F9C1770E766E66 /* Images.xcassets */; };
		CA8ED812FF0A33058A7E6761 /* SHPAppDelegate.m in Sources */ = {isa = PBXBuildFile; fileRef = CA8EDEA047DA2C38A9E1D407 /* SHPAppDelegate.m */; };
		CA8ED83F45B0564230993F02 /* UIKit.framework in Frameworks */ = {isa = PBXBuildFile; fileRef = CA8ED188D57FA08A427E16CB /* UIKit.framework */; };
		CA8ED9404BCE434C9CD0D6B1 /* PTViewController2.m in Sources */ = {isa = PBXBuildFile; fileRef = CA8ED980C659EE354F7942E2 /* PTViewController2.m */; };
		CA8EDA3795E8AFFAE3912916 /* UIColor+random.m in Sources */ = {isa = PBXBuildFile; fileRef = CA8ED89936D9FEEF27164742 /* UIColor+random.m */; };
		CA8EDA3EF36F31CD86A5226A /* UIKit.framework in Frameworks */ = {isa = PBXBuildFile; fileRef = CA8ED188D57FA08A427E16CB /* UIKit.framework */; };
		CA8EDADA228D39C804C4A8CE /* XCTest.framework in Frameworks */ = {isa = PBXBuildFile; fileRef = CA8ED1E2BE324223CC926FCF /* XCTest.framework */; };
		CA8EDB12B7CC873F6BE60A23 /* CoreGraphics.framework in Frameworks */ = {isa = PBXBuildFile; fileRef = CA8ED85D4719F5D3C749C0CE /* CoreGraphics.framework */; };
		CA8EDB260A1EC61E78ECECD7 /* InfoPlist.strings in Resources */ = {isa = PBXBuildFile; fileRef = CA8EDC3C5759D2A4DFA31F92 /* InfoPlist.strings */; };
		CA8EDB67F712BCB8C00347EE /* Foundation.framework in Frameworks */ = {isa = PBXBuildFile; fileRef = CA8ED0A42CC4E786B013E7C8 /* Foundation.framework */; };
		CA8EDB6B5B92BF7397842482 /* Foundation.framework in Frameworks */ = {isa = PBXBuildFile; fileRef = CA8ED0A42CC4E786B013E7C8 /* Foundation.framework */; };
		CA8EDC5F66044903EED272B1 /* PTFrameBuilder.m in Sources */ = {isa = PBXBuildFile; fileRef = CA8EDDEAC5BD36615B0640BD /* PTFrameBuilder.m */; };
		CA8EDDF1F0A7EFADF03C742D /* main.m in Sources */ = {isa = PBXBuildFile; fileRef = CA8ED30673870D346DF87B1A /* main.m */; };
		CA8EDE53B26D787145BF0834 /* AnimatableObject.m in Sources */ = {isa = PBXBuildFile; fileRef = CA8EDE3E43EC3EE3509411A8 /* AnimatableObject.m */; };
/* End PBXBuildFile section */

/* Begin PBXContainerItemProxy section */
		CA8EDBAAF00BAB84057B6864 /* PBXContainerItemProxy */ = {
			isa = PBXContainerItemProxy;
			containerPortal = CA8ED2D2F28C0A253C2FC7A4 /* Project object */;
			proxyType = 1;
			remoteGlobalIDString = CA8EDF830E4618465FD2D899;
			remoteInfo = POPTest;
		};
/* End PBXContainerItemProxy section */

/* Begin PBXFileReference section */
		C5645EA3B0514AC08654E8DD /* libPods.a */ = {isa = PBXFileReference; explicitFileType = archive.ar; includeInIndex = 0; path = libPods.a; sourceTree = BUILT_PRODUCTS_DIR; };
		CA8ED06F354CF7CD7E9E579B /* POPTest.app */ = {isa = PBXFileReference; explicitFileType = wrapper.application; includeInIndex = 0; path = POPTest.app; sourceTree = BUILT_PRODUCTS_DIR; };
		CA8ED08D742437CF4958CAE8 /* POPTestTests-Info.plist */ = {isa = PBXFileReference; lastKnownFileType = text.plist.info; path = "POPTestTests-Info.plist"; sourceTree = "<group>"; };
		CA8ED0A42CC4E786B013E7C8 /* Foundation.framework */ = {isa = PBXFileReference; lastKnownFileType = wrapper.framework; name = Foundation.framework; path = System/Library/Frameworks/Foundation.framework; sourceTree = SDKROOT; };
		CA8ED0BF0AA0AA21F3FC31E4 /* POPTest-Info.plist */ = {isa = PBXFileReference; lastKnownFileType = text.plist.info; path = "POPTest-Info.plist"; sourceTree = "<group>"; };
		CA8ED0EFA770FBD3D9F67CD6 /* PTFrameBuilder.h */ = {isa = PBXFileReference; fileEncoding = 4; lastKnownFileType = sourcecode.c.h; path = PTFrameBuilder.h; sourceTree = "<group>"; };
		CA8ED188D57FA08A427E16CB /* UIKit.framework */ = {isa = PBXFileReference; lastKnownFileType = wrapper.framework; name = UIKit.framework; path = System/Library/Frameworks/UIKit.framework; sourceTree = SDKROOT; };
		CA8ED1E2BE324223CC926FCF /* XCTest.framework */ = {isa = PBXFileReference; lastKnownFileType = wrapper.framework; name = XCTest.framework; path = Library/Frameworks/XCTest.framework; sourceTree = DEVELOPER_DIR; };
		CA8ED22E7533AD56E2999DC1 /* PTViewController3.m */ = {isa = PBXFileReference; fileEncoding = 4; lastKnownFileType = sourcecode.c.objc; path = PTViewController3.m; sourceTree = "<group>"; };
		CA8ED30673870D346DF87B1A /* main.m */ = {isa = PBXFileReference; lastKnownFileType = sourcecode.c.objc; path = main.m; sourceTree = "<group>"; };
		CA8ED3C8F922B336CE78F3EE /* POPTestTests.m */ = {isa = PBXFileReference; lastKnownFileType = sourcecode.c.objc; path = POPTestTests.m; sourceTree = "<group>"; };
		CA8ED562D02337F0C03923A2 /* en */ = {isa = PBXFileReference; lastKnownFileType = text.plist.strings; name = en; path = en.lproj/InfoPlist.strings; sourceTree = "<group>"; };
		CA8ED67E6D29F0D145BB2C3E /* PTViewController.m */ = {isa = PBXFileReference; fileEncoding = 4; lastKnownFileType = sourcecode.c.objc; path = PTViewController.m; sourceTree = "<group>"; };
		CA8ED697F37EFEF354FEA41F /* POPTest-Prefix.pch */ = {isa = PBXFileReference; lastKnownFileType = sourcecode.c.h; path = "POPTest-Prefix.pch"; sourceTree = "<group>"; };
		CA8ED73CED317D28E54FB45A /* PTViewController2.h */ = {isa = PBXFileReference; fileEncoding = 4; lastKnownFileType = sourcecode.c.h; path = PTViewController2.h; sourceTree = "<group>"; };
		CA8ED746A9B023BD3CB192E3 /* UIColor+random.h */ = {isa = PBXFileReference; fileEncoding = 4; lastKnownFileType = sourcecode.c.h; path = "UIColor+random.h"; sourceTree = "<group>"; };
		CA8ED85D4719F5D3C749C0CE /* CoreGraphics.framework */ = {isa = PBXFileReference; lastKnownFileType = wrapper.framework; name = CoreGraphics.framework; path = System/Library/Frameworks/CoreGraphics.framework; sourceTree = SDKROOT; };
		CA8ED89936D9FEEF27164742 /* UIColor+random.m */ = {isa = PBXFileReference; fileEncoding = 4; lastKnownFileType = sourcecode.c.objc; path = "UIColor+random.m"; sourceTree = "<group>"; };
		CA8ED905BD03A757D4F8C39F /* PTViewController.h */ = {isa = PBXFileReference; fileEncoding = 4; lastKnownFileType = sourcecode.c.h; path = PTViewController.h; sourceTree = "<group>"; };
		CA8ED95F292B9DBC1210B5DD /* POPTestTests.xctest */ = {isa = PBXFileReference; explicitFileType = wrapper.cfbundle; includeInIndex = 0; path = POPTestTests.xctest; sourceTree = BUILT_PRODUCTS_DIR; };
		CA8ED96F9502C7B3F5F5429A /* SHPAppDelegate.h */ = {isa = PBXFileReference; lastKnownFileType = sourcecode.c.h; path = SHPAppDelegate.h; sourceTree = "<group>"; };
		CA8ED980C659EE354F7942E2 /* PTViewController2.m */ = {isa = PBXFileReference; fileEncoding = 4; lastKnownFileType = sourcecode.c.objc; path = PTViewController2.m; sourceTree = "<group>"; };
		CA8EDAA81C143E56583686C1 /* en */ = {isa = PBXFileReference; lastKnownFileType = text.plist.strings; name = en; path = en.lproj/InfoPlist.strings; sourceTree = "<group>"; };
		CA8EDB5A88A5B8B9E621DC25 /* AnimatableObject.h */ = {isa = PBXFileReference; fileEncoding = 4; lastKnownFileType = sourcecode.c.h; path = AnimatableObject.h; sourceTree = "<group>"; };
		CA8EDD6169F9C1770E766E66 /* Images.xcassets */ = {isa = PBXFileReference; lastKnownFileType = folder.assetcatalog; path = Images.xcassets; sourceTree = "<group>"; };
		CA8EDDEAC5BD36615B0640BD /* PTFrameBuilder.m */ = {isa = PBXFileReference; fileEncoding = 4; lastKnownFileType = sourcecode.c.objc; path = PTFrameBuilder.m; sourceTree = "<group>"; };
		CA8EDE3E43EC3EE3509411A8 /* AnimatableObject.m */ = {isa = PBXFileReference; fileEncoding = 4; lastKnownFileType = sourcecode.c.objc; path = AnimatableObject.m; sourceTree = "<group>"; };
		CA8EDE4DE42AFB6715B8BF64 /* PTViewController3.h */ = {isa = PBXFileReference; fileEncoding = 4; lastKnownFileType = sourcecode.c.h; path = PTViewController3.h; sourceTree = "<group>"; };
		CA8EDEA047DA2C38A9E1D407 /* SHPAppDelegate.m */ = {isa = PBXFileReference; lastKnownFileType = sourcecode.c.objc; path = SHPAppDelegate.m; sourceTree = "<group>"; };
		D0E3327DA5D245EA9C13EF65 /* Pods.xcconfig */ = {isa = PBXFileReference; includeInIndex = 1; lastKnownFileType = text.xcconfig; name = Pods.xcconfig; path = Pods/Pods.xcconfig; sourceTree = "<group>"; };
/* End PBXFileReference section */

/* Begin PBXFrameworksBuildPhase section */
		CA8ED7909CD6FB2DC560464E /* Frameworks */ = {
			isa = PBXFrameworksBuildPhase;
			buildActionMask = 2147483647;
			files = (
				CA8EDB67F712BCB8C00347EE /* Foundation.framework in Frameworks */,
				CA8EDB12B7CC873F6BE60A23 /* CoreGraphics.framework in Frameworks */,
				CA8EDA3EF36F31CD86A5226A /* UIKit.framework in Frameworks */,
				842BAE57B71C4F099105C36C /* libPods.a in Frameworks */,
			);
			runOnlyForDeploymentPostprocessing = 0;
		};
		CA8EDDB179E781A37037266D /* Frameworks */ = {
			isa = PBXFrameworksBuildPhase;
			buildActionMask = 2147483647;
			files = (
				CA8EDADA228D39C804C4A8CE /* XCTest.framework in Frameworks */,
				CA8EDB6B5B92BF7397842482 /* Foundation.framework in Frameworks */,
				CA8ED83F45B0564230993F02 /* UIKit.framework in Frameworks */,
			);
			runOnlyForDeploymentPostprocessing = 0;
		};
/* End PBXFrameworksBuildPhase section */

/* Begin PBXGroup section */
		CA8ED04876404DB428A9C945 = {
			isa = PBXGroup;
			children = (
				CA8EDBF97196CD6C07FC20E6 /* Products */,
				CA8EDAE23C3EDDC91032A444 /* Frameworks */,
				CA8ED985B1138490DE7362A1 /* POPTest */,
				CA8EDDE8CAECBB418CEDFB6E /* POPTestTests */,
				D0E3327DA5D245EA9C13EF65 /* Pods.xcconfig */,
			);
			sourceTree = "<group>";
		};
		CA8ED3C01AAF056CB1EE168C /* Supporting Files */ = {
			isa = PBXGroup;
			children = (
				CA8ED08D742437CF4958CAE8 /* POPTestTests-Info.plist */,
				CA8EDC3C5759D2A4DFA31F92 /* InfoPlist.strings */,
			);
			name = "Supporting Files";
			sourceTree = "<group>";
		};
		CA8ED531ECF9D1A948D0F4A6 /* Supporting Files */ = {
			isa = PBXGroup;
			children = (
				CA8ED0BF0AA0AA21F3FC31E4 /* POPTest-Info.plist */,
				CA8ED9AD46B4AD738A983216 /* InfoPlist.strings */,
				CA8ED30673870D346DF87B1A /* main.m */,
				CA8ED697F37EFEF354FEA41F /* POPTest-Prefix.pch */,
			);
			name = "Supporting Files";
			sourceTree = "<group>";
		};
		CA8ED7D7B8753071B790F927 /* Objects */ = {
			isa = PBXGroup;
			children = (
				CA8EDE3E43EC3EE3509411A8 /* AnimatableObject.m */,
				CA8EDB5A88A5B8B9E621DC25 /* AnimatableObject.h */,
			);
			path = Objects;
			sourceTree = "<group>";
		};
		CA8ED985B1138490DE7362A1 /* POPTest */ = {
			isa = PBXGroup;
			children = (
				CA8ED531ECF9D1A948D0F4A6 /* Supporting Files */,
				CA8ED96F9502C7B3F5F5429A /* SHPAppDelegate.h */,
				CA8EDEA047DA2C38A9E1D407 /* SHPAppDelegate.m */,
				CA8EDD6169F9C1770E766E66 /* Images.xcassets */,
				CA8EDA9997CEF3189DFE3DD5 /* Controllers */,
				CA8ED9EC05AC5106870B959B /* Additions */,
				CA8ED7D7B8753071B790F927 /* Objects */,
				CA8EDD6B72FBE086CFCDA905 /* Helpers */,
			);
			path = POPTest;
			sourceTree = "<group>";
		};
		CA8ED9EC05AC5106870B959B /* Additions */ = {
			isa = PBXGroup;
			children = (
				CA8ED89936D9FEEF27164742 /* UIColor+random.m */,
				CA8ED746A9B023BD3CB192E3 /* UIColor+random.h */,
			);
			path = Additions;
			sourceTree = "<group>";
		};
		CA8EDA9997CEF3189DFE3DD5 /* Controllers */ = {
			isa = PBXGroup;
			children = (
				CA8ED67E6D29F0D145BB2C3E /* PTViewController.m */,
				CA8ED905BD03A757D4F8C39F /* PTViewController.h */,
				CA8ED980C659EE354F7942E2 /* PTViewController2.m */,
				CA8ED73CED317D28E54FB45A /* PTViewController2.h */,
				CA8ED22E7533AD56E2999DC1 /* PTViewController3.m */,
				CA8EDE4DE42AFB6715B8BF64 /* PTViewController3.h */,
			);
			path = Controllers;
			sourceTree = "<group>";
		};
		CA8EDAE23C3EDDC91032A444 /* Frameworks */ = {
			isa = PBXGroup;
			children = (
				CA8ED0A42CC4E786B013E7C8 /* Foundation.framework */,
				CA8ED85D4719F5D3C749C0CE /* CoreGraphics.framework */,
				CA8ED188D57FA08A427E16CB /* UIKit.framework */,
				CA8ED1E2BE324223CC926FCF /* XCTest.framework */,
				C5645EA3B0514AC08654E8DD /* libPods.a */,
			);
			name = Frameworks;
			sourceTree = "<group>";
		};
		CA8EDBF97196CD6C07FC20E6 /* Products */ = {
			isa = PBXGroup;
			children = (
				CA8ED06F354CF7CD7E9E579B /* POPTest.app */,
				CA8ED95F292B9DBC1210B5DD /* POPTestTests.xctest */,
			);
			name = Products;
			sourceTree = "<group>";
		};
		CA8EDD6B72FBE086CFCDA905 /* Helpers */ = {
			isa = PBXGroup;
			children = (
				CA8ED0EFA770FBD3D9F67CD6 /* PTFrameBuilder.h */,
				CA8EDDEAC5BD36615B0640BD /* PTFrameBuilder.m */,
			);
			path = Helpers;
			sourceTree = "<group>";
		};
		CA8EDDE8CAECBB418CEDFB6E /* POPTestTests */ = {
			isa = PBXGroup;
			children = (
				CA8ED3C01AAF056CB1EE168C /* Supporting Files */,
				CA8ED3C8F922B336CE78F3EE /* POPTestTests.m */,
			);
			path = POPTestTests;
			sourceTree = "<group>";
		};
/* End PBXGroup section */

/* Begin PBXNativeTarget section */
		CA8ED4760722F8969284764B /* POPTestTests */ = {
			isa = PBXNativeTarget;
			buildConfigurationList = CA8ED33A7918F79F18855F2B /* Build configuration list for PBXNativeTarget "POPTestTests" */;
			buildPhases = (
				CA8ED6048B671A2BBABD140B /* Sources */,
				CA8EDDB179E781A37037266D /* Frameworks */,
				CA8ED71A1160B296BDD48682 /* Resources */,
			);
			buildRules = (
			);
			dependencies = (
				CA8ED3B9841E4B13A009E4A6 /* PBXTargetDependency */,
			);
			name = POPTestTests;
			productName = POPTestTests;
			productReference = CA8ED95F292B9DBC1210B5DD /* POPTestTests.xctest */;
			productType = "com.apple.product-type.bundle.unit-test";
		};
		CA8EDF830E4618465FD2D899 /* POPTest */ = {
			isa = PBXNativeTarget;
			buildConfigurationList = CA8ED8C8E01464941FDE28A3 /* Build configuration list for PBXNativeTarget "POPTest" */;
			buildPhases = (
				113F5A76BD904F28863A3BEA /* Check Pods Manifest.lock */,
				CA8EDF8BB4FEECE4BCF792A4 /* Sources */,
				CA8ED7909CD6FB2DC560464E /* Frameworks */,
				CA8EDA202E6490F4331FCA64 /* Resources */,
				FF95D955EF524E5AADC08F22 /* Copy Pods Resources */,
			);
			buildRules = (
			);
			dependencies = (
			);
			name = POPTest;
			productName = POPTest;
			productReference = CA8ED06F354CF7CD7E9E579B /* POPTest.app */;
			productType = "com.apple.product-type.application";
		};
/* End PBXNativeTarget section */

/* Begin PBXProject section */
		CA8ED2D2F28C0A253C2FC7A4 /* Project object */ = {
			isa = PBXProject;
			attributes = {
				ORGANIZATIONNAME = "SHAPE A/S";
			};
			buildConfigurationList = CA8EDDD50F8F0F4F988E137C /* Build configuration list for PBXProject "POPTest" */;
			compatibilityVersion = "Xcode 3.2";
			developmentRegion = English;
			hasScannedForEncodings = 0;
			knownRegions = (
				en,
			);
			mainGroup = CA8ED04876404DB428A9C945;
			productRefGroup = CA8EDBF97196CD6C07FC20E6 /* Products */;
			projectDirPath = "";
			projectReferences = (
			);
			projectRoot = "";
			targets = (
				CA8EDF830E4618465FD2D899 /* POPTest */,
				CA8ED4760722F8969284764B /* POPTestTests */,
			);
		};
/* End PBXProject section */

/* Begin PBXResourcesBuildPhase section */
		CA8ED71A1160B296BDD48682 /* Resources */ = {
			isa = PBXResourcesBuildPhase;
			buildActionMask = 2147483647;
			files = (
				CA8EDB260A1EC61E78ECECD7 /* InfoPlist.strings in Resources */,
			);
			runOnlyForDeploymentPostprocessing = 0;
		};
		CA8EDA202E6490F4331FCA64 /* Resources */ = {
			isa = PBXResourcesBuildPhase;
			buildActionMask = 2147483647;
			files = (
				CA8ED20C950B3F7161F00776 /* InfoPlist.strings in Resources */,
				CA8ED79B7E8E494638F902F2 /* Images.xcassets in Resources */,
			);
			runOnlyForDeploymentPostprocessing = 0;
		};
/* End PBXResourcesBuildPhase section */

/* Begin PBXShellScriptBuildPhase section */
		113F5A76BD904F28863A3BEA /* Check Pods Manifest.lock */ = {
			isa = PBXShellScriptBuildPhase;
			buildActionMask = 2147483647;
			files = (
			);
			inputPaths = (
			);
			name = "Check Pods Manifest.lock";
			outputPaths = (
			);
			runOnlyForDeploymentPostprocessing = 0;
			shellPath = /bin/sh;
			shellScript = "diff \"${PODS_ROOT}/../Podfile.lock\" \"${PODS_ROOT}/Manifest.lock\" > /dev/null\nif [[ $? != 0 ]] ; then\n    cat << EOM\nerror: The sandbox is not in sync with the Podfile.lock. Run 'pod install' or update your CocoaPods installation.\nEOM\n    exit 1\nfi\n";
			showEnvVarsInLog = 0;
		};
		FF95D955EF524E5AADC08F22 /* Copy Pods Resources */ = {
			isa = PBXShellScriptBuildPhase;
			buildActionMask = 2147483647;
			files = (
			);
			inputPaths = (
			);
			name = "Copy Pods Resources";
			outputPaths = (
			);
			runOnlyForDeploymentPostprocessing = 0;
			shellPath = /bin/sh;
			shellScript = "\"${SRCROOT}/Pods/Pods-resources.sh\"\n";
			showEnvVarsInLog = 0;
		};
/* End PBXShellScriptBuildPhase section */

/* Begin PBXSourcesBuildPhase section */
		CA8ED6048B671A2BBABD140B /* Sources */ = {
			isa = PBXSourcesBuildPhase;
			buildActionMask = 2147483647;
			files = (
				CA8ED19CF1E6CE6493E3E296 /* POPTestTests.m in Sources */,
			);
			runOnlyForDeploymentPostprocessing = 0;
		};
		CA8EDF8BB4FEECE4BCF792A4 /* Sources */ = {
			isa = PBXSourcesBuildPhase;
			buildActionMask = 2147483647;
			files = (
				CA8EDDF1F0A7EFADF03C742D /* main.m in Sources */,
				CA8ED812FF0A33058A7E6761 /* SHPAppDelegate.m in Sources */,
				CA8ED29809DF36F32603ABC0 /* PTViewController.m in Sources */,
				CA8EDA3795E8AFFAE3912916 /* UIColor+random.m in Sources */,
				CA8EDE53B26D787145BF0834 /* AnimatableObject.m in Sources */,
				CA8ED9404BCE434C9CD0D6B1 /* PTViewController2.m in Sources */,
				CA8ED4E4E3BBDD49783CEBFA /* PTViewController3.m in Sources */,
				CA8EDC5F66044903EED272B1 /* PTFrameBuilder.m in Sources */,
			);
			runOnlyForDeploymentPostprocessing = 0;
		};
/* End PBXSourcesBuildPhase section */

/* Begin PBXTargetDependency section */
		CA8ED3B9841E4B13A009E4A6 /* PBXTargetDependency */ = {
			isa = PBXTargetDependency;
			target = CA8EDF830E4618465FD2D899 /* POPTest */;
			targetProxy = CA8EDBAAF00BAB84057B6864 /* PBXContainerItemProxy */;
		};
/* End PBXTargetDependency section */

/* Begin PBXVariantGroup section */
		CA8ED9AD46B4AD738A983216 /* InfoPlist.strings */ = {
			isa = PBXVariantGroup;
			children = (
				CA8EDAA81C143E56583686C1 /* en */,
			);
			name = InfoPlist.strings;
			sourceTree = "<group>";
		};
		CA8EDC3C5759D2A4DFA31F92 /* InfoPlist.strings */ = {
			isa = PBXVariantGroup;
			children = (
				CA8ED562D02337F0C03923A2 /* en */,
			);
			name = InfoPlist.strings;
			sourceTree = "<group>";
		};
/* End PBXVariantGroup section */

/* Begin XCBuildConfiguration section */
		CA8ED41CD6D047D8C1B26404 /* Debug */ = {
			isa = XCBuildConfiguration;
			buildSettings = {
				ALWAYS_SEARCH_USER_PATHS = NO;
				CLANG_CXX_LANGUAGE_STANDARD = "gnu++0x";
				CLANG_CXX_LIBRARY = "libc++";
				CLANG_ENABLE_MODULES = YES;
				CLANG_ENABLE_OBJC_ARC = YES;
				CLANG_WARN_BOOL_CONVERSION = YES;
				CLANG_WARN_CONSTANT_CONVERSION = YES;
				CLANG_WARN_DIRECT_OBJC_ISA_USAGE = YES_ERROR;
				CLANG_WARN_EMPTY_BODY = YES;
				CLANG_WARN_ENUM_CONVERSION = YES;
				CLANG_WARN_INT_CONVERSION = YES;
				CLANG_WARN_OBJC_ROOT_CLASS = YES_ERROR;
				CLANG_WARN__DUPLICATE_METHOD_MATCH = YES;
				"CODE_SIGN_IDENTITY[sdk=iphoneos*]" = "iPhone Developer";
				COPY_PHASE_STRIP = NO;
				GCC_C_LANGUAGE_STANDARD = gnu99;
				GCC_DYNAMIC_NO_PIC = NO;
				GCC_OPTIMIZATION_LEVEL = 0;
				GCC_PREPROCESSOR_DEFINITIONS = (
					"DEBUG=1",
					"$(inherited)",
				);
				GCC_SYMBOLS_PRIVATE_EXTERN = NO;
				GCC_WARN_64_TO_32_BIT_CONVERSION = YES;
				GCC_WARN_ABOUT_RETURN_TYPE = YES_ERROR;
				GCC_WARN_UNDECLARED_SELECTOR = YES;
				GCC_WARN_UNINITIALIZED_AUTOS = YES_AGGRESSIVE;
				GCC_WARN_UNUSED_FUNCTION = YES;
				GCC_WARN_UNUSED_VARIABLE = YES;
				IPHONEOS_DEPLOYMENT_TARGET = 7.1;
				ONLY_ACTIVE_ARCH = YES;
				SDKROOT = iphoneos;
				TARGETED_DEVICE_FAMILY = "1,2";
			};
			name = Debug;
		};
		CA8ED904A12DB523BEB1865C /* Debug */ = {
			isa = XCBuildConfiguration;
			buildSettings = {
				FRAMEWORK_SEARCH_PATHS = (
					"$(SDKROOT)/Developer/Library/Frameworks",
					"$(inherited)",
				);
				GCC_PRECOMPILE_PREFIX_HEADER = YES;
				GCC_PREFIX_HEADER = "POPTest/POPTest-Prefix.pch";
				INFOPLIST_FILE = "POPTestTests/POPTestTests-Info.plist";
				PRODUCT_NAME = "$(TARGET_NAME)";
				WRAPPER_EXTENSION = xctest;
			};
			name = Debug;
		};
		CA8EDACE4D163373E6DC8176 /* Release */ = {
			isa = XCBuildConfiguration;
			buildSettings = {
				ALWAYS_SEARCH_USER_PATHS = NO;
				CLANG_CXX_LANGUAGE_STANDARD = "gnu++0x";
				CLANG_CXX_LIBRARY = "libc++";
				CLANG_ENABLE_MODULES = YES;
				CLANG_ENABLE_OBJC_ARC = YES;
				CLANG_WARN_BOOL_CONVERSION = YES;
				CLANG_WARN_CONSTANT_CONVERSION = YES;
				CLANG_WARN_DIRECT_OBJC_ISA_USAGE = YES_ERROR;
				CLANG_WARN_EMPTY_BODY = YES;
				CLANG_WARN_ENUM_CONVERSION = YES;
				CLANG_WARN_INT_CONVERSION = YES;
				CLANG_WARN_OBJC_ROOT_CLASS = YES_ERROR;
				CLANG_WARN__DUPLICATE_METHOD_MATCH = YES;
				"CODE_SIGN_IDENTITY[sdk=iphoneos*]" = "iPhone Developer";
				COPY_PHASE_STRIP = YES;
				ENABLE_NS_ASSERTIONS = NO;
				GCC_C_LANGUAGE_STANDARD = gnu99;
				GCC_WARN_64_TO_32_BIT_CONVERSION = YES;
				GCC_WARN_ABOUT_RETURN_TYPE = YES_ERROR;
				GCC_WARN_UNDECLARED_SELECTOR = YES;
				GCC_WARN_UNINITIALIZED_AUTOS = YES_AGGRESSIVE;
				GCC_WARN_UNUSED_FUNCTION = YES;
				GCC_WARN_UNUSED_VARIABLE = YES;
				IPHONEOS_DEPLOYMENT_TARGET = 7.1;
				SDKROOT = iphoneos;
				TARGETED_DEVICE_FAMILY = "1,2";
				VALIDATE_PRODUCT = YES;
			};
			name = Release;
		};
		CA8EDB49471016264118EE7F /* Debug */ = {
			isa = XCBuildConfiguration;
			baseConfigurationReference = D0E3327DA5D245EA9C13EF65 /* Pods.xcconfig */;
			buildSettings = {
				ASSETCATALOG_COMPILER_APPICON_NAME = AppIcon;
				ASSETCATALOG_COMPILER_LAUNCHIMAGE_NAME = LaunchImage;
				GCC_PRECOMPILE_PREFIX_HEADER = YES;
				GCC_PREFIX_HEADER = "POPTest/POPTest-Prefix.pch";
				INFOPLIST_FILE = "POPTest/POPTest-Info.plist";
				PRODUCT_NAME = "$(TARGET_NAME)";
				WRAPPER_EXTENSION = app;
			};
			name = Debug;
		};
		CA8EDE867F778715F19D1EFC /* Release */ = {
			isa = XCBuildConfiguration;
			buildSettings = {
				FRAMEWORK_SEARCH_PATHS = (
					"$(SDKROOT)/Developer/Library/Frameworks",
					"$(inherited)",
				);
				GCC_PRECOMPILE_PREFIX_HEADER = YES;
				GCC_PREFIX_HEADER = "POPTest/POPTest-Prefix.pch";
				INFOPLIST_FILE = "POPTestTests/POPTestTests-Info.plist";
				PRODUCT_NAME = "$(TARGET_NAME)";
				WRAPPER_EXTENSION = xctest;
			};
			name = Release;
		};
		CA8EDEB907E5B1A85C49AD49 /* Release */ = {
			isa = XCBuildConfiguration;
			baseConfigurationReference = D0E3327DA5D245EA9C13EF65 /* Pods.xcconfig */;
			buildSettings = {
				ASSETCATALOG_COMPILER_APPICON_NAME = AppIcon;
				ASSETCATALOG_COMPILER_LAUNCHIMAGE_NAME = LaunchImage;
				GCC_PRECOMPILE_PREFIX_HEADER = YES;
				GCC_PREFIX_HEADER = "POPTest/POPTest-Prefix.pch";
				INFOPLIST_FILE = "POPTest/POPTest-Info.plist";
				PRODUCT_NAME = "$(TARGET_NAME)";
				WRAPPER_EXTENSION = app;
			};
			name = Release;
		};
/* End XCBuildConfiguration section */

/* Begin XCConfigurationList section */
		CA8ED33A7918F79F18855F2B /* Build configuration list for PBXNativeTarget "POPTestTests" */ = {
			isa = XCConfigurationList;
			buildConfigurations = (
				CA8EDE867F778715F19D1EFC /* Release */,
				CA8ED904A12DB523BEB1865C /* Debug */,
			);
			defaultConfigurationIsVisible = 0;
		};
		CA8ED8C8E01464941FDE28A3 /* Build configuration list for PBXNativeTarget "POPTest" */ = {
			isa = XCConfigurationList;
			buildConfigurations = (
				CA8EDEB907E5B1A85C49AD49 /* Release */,
				CA8EDB49471016264118EE7F /* Debug */,
			);
			defaultConfigurationIsVisible = 0;
		};
		CA8EDDD50F8F0F4F988E137C /* Build configuration list for PBXProject "POPTest" */ = {
			isa = XCConfigurationList;
			buildConfigurations = (
				CA8EDACE4D163373E6DC8176 /* Release */,
				CA8ED41CD6D047D8C1B26404 /* Debug */,
			);
			defaultConfigurationIsVisible = 0;
			defaultConfigurationName = Release;
		};
/* End XCConfigurationList section */
	};
	rootObject = CA8ED2D2F28C0A253C2FC7A4 /* Project object */;
}
